// !$*UTF8*$!
{
	archiveVersion = 1;
	classes = {
	};
	objectVersion = 46;
	objects = {

/* Begin PBXBuildFile section */
		1F84BFDF16F534E9000D3DF8 /* main.cpp in Sources */ = {isa = PBXBuildFile; fileRef = 1F84BFDE16F534E9000D3DF8 /* main.cpp */; };
		1F84BFE116F534E9000D3DF8 /* lattice_binding.1 in CopyFiles */ = {isa = PBXBuildFile; fileRef = 1F84BFE016F534E9000D3DF8 /* lattice_binding.1 */; };
		1F84C43716F563E3000D3DF8 /* transfer_matrix_solver.cpp in Sources */ = {isa = PBXBuildFile; fileRef = 1F84C43616F563E3000D3DF8 /* transfer_matrix_solver.cpp */; };
		1F877C0216F57CC2008647B4 /* dynapro_solver.cpp in Sources */ = {isa = PBXBuildFile; fileRef = 1F877C0116F57CC2008647B4 /* dynapro_solver.cpp */; };
		1FA7DD8B170932A900476EC7 /* parameters.cpp in Sources */ = {isa = PBXBuildFile; fileRef = 1FA7DD8A170932A900476EC7 /* parameters.cpp */; };
		1FA7DD8D170933B000476EC7 /* libboost_system-mt.dylib in Frameworks */ = {isa = PBXBuildFile; fileRef = 1FA7DD8C170933B000476EC7 /* libboost_system-mt.dylib */; };
		1FA7DD8F170933B600476EC7 /* libboost_filesystem-mt.dylib in Frameworks */ = {isa = PBXBuildFile; fileRef = 1FA7DD8E170933B600476EC7 /* libboost_filesystem-mt.dylib */; };
/* End PBXBuildFile section */

/* Begin PBXCopyFilesBuildPhase section */
		1F84BFD916F534E9000D3DF8 /* CopyFiles */ = {
			isa = PBXCopyFilesBuildPhase;
			buildActionMask = 2147483647;
			dstPath = /usr/share/man/man1/;
			dstSubfolderSpec = 0;
			files = (
				1F84BFE116F534E9000D3DF8 /* lattice_binding.1 in CopyFiles */,
			);
			runOnlyForDeploymentPostprocessing = 1;
		};
/* End PBXCopyFilesBuildPhase section */

/* Begin PBXFileReference section */
		1F84BFDB16F534E9000D3DF8 /* lattice-binding */ = {isa = PBXFileReference; explicitFileType = "compiled.mach-o.executable"; includeInIndex = 0; path = "lattice-binding"; sourceTree = BUILT_PRODUCTS_DIR; };
		1F84BFDE16F534E9000D3DF8 /* main.cpp */ = {isa = PBXFileReference; lastKnownFileType = sourcecode.cpp.cpp; path = main.cpp; sourceTree = "<group>"; };
		1F84BFE016F534E9000D3DF8 /* lattice_binding.1 */ = {isa = PBXFileReference; lastKnownFileType = text.man; path = lattice_binding.1; sourceTree = "<group>"; };
		1F84C20B16F53814000D3DF8 /* solver.h */ = {isa = PBXFileReference; lastKnownFileType = sourcecode.c.h; path = solver.h; sourceTree = "<group>"; };
		1F84C20D16F53839000D3DF8 /* transfer_matrix_solver.h */ = {isa = PBXFileReference; lastKnownFileType = sourcecode.c.h; path = transfer_matrix_solver.h; sourceTree = "<group>"; };
		1F84C43416F56255000D3DF8 /* particle.h */ = {isa = PBXFileReference; lastKnownFileType = sourcecode.c.h; path = particle.h; sourceTree = "<group>"; };
		1F84C43516F56275000D3DF8 /* dynapro_solver.h */ = {isa = PBXFileReference; lastKnownFileType = sourcecode.c.h; path = dynapro_solver.h; sourceTree = "<group>"; };
		1F84C43616F563E3000D3DF8 /* transfer_matrix_solver.cpp */ = {isa = PBXFileReference; fileEncoding = 4; lastKnownFileType = sourcecode.cpp.cpp; path = transfer_matrix_solver.cpp; sourceTree = "<group>"; };
		1F877C0116F57CC2008647B4 /* dynapro_solver.cpp */ = {isa = PBXFileReference; fileEncoding = 4; lastKnownFileType = sourcecode.cpp.cpp; path = dynapro_solver.cpp; sourceTree = "<group>"; };
		1FA7DD89170932A000476EC7 /* parameters.h */ = {isa = PBXFileReference; lastKnownFileType = sourcecode.c.h; path = parameters.h; sourceTree = "<group>"; };
		1FA7DD8A170932A900476EC7 /* parameters.cpp */ = {isa = PBXFileReference; fileEncoding = 4; lastKnownFileType = sourcecode.cpp.cpp; path = parameters.cpp; sourceTree = "<group>"; };
		1FA7DD8C170933B000476EC7 /* libboost_system-mt.dylib */ = {isa = PBXFileReference; lastKnownFileType = "compiled.mach-o.dylib"; name = "libboost_system-mt.dylib"; path = "../../../../../../usr/local/lib/libboost_system-mt.dylib"; sourceTree = "<group>"; };
		1FA7DD8E170933B600476EC7 /* libboost_filesystem-mt.dylib */ = {isa = PBXFileReference; lastKnownFileType = "compiled.mach-o.dylib"; name = "libboost_filesystem-mt.dylib"; path = "../../../../../../usr/local/lib/libboost_filesystem-mt.dylib"; sourceTree = "<group>"; };
/* End PBXFileReference section */

/* Begin PBXFrameworksBuildPhase section */
		1F84BFD816F534E9000D3DF8 /* Frameworks */ = {
			isa = PBXFrameworksBuildPhase;
			buildActionMask = 2147483647;
			files = (
				1FA7DD8D170933B000476EC7 /* libboost_system-mt.dylib in Frameworks */,
				1FA7DD8F170933B600476EC7 /* libboost_filesystem-mt.dylib in Frameworks */,
			);
			runOnlyForDeploymentPostprocessing = 0;
		};
/* End PBXFrameworksBuildPhase section */

/* Begin PBXGroup section */
		1F84BFD216F534E9000D3DF8 = {
			isa = PBXGroup;
			children = (
				1FA7DD8E170933B600476EC7 /* libboost_filesystem-mt.dylib */,
				1FA7DD8C170933B000476EC7 /* libboost_system-mt.dylib */,
				1F84BFDD16F534E9000D3DF8 /* lattice-binding */,
				1F84BFDC16F534E9000D3DF8 /* Products */,
			);
			sourceTree = "<group>";
		};
		1F84BFDC16F534E9000D3DF8 /* Products */ = {
			isa = PBXGroup;
			children = (
				1F84BFDB16F534E9000D3DF8 /* lattice-binding */,
			);
			name = Products;
			sourceTree = "<group>";
		};
		1F84BFDD16F534E9000D3DF8 /* lattice-binding */ = {
			isa = PBXGroup;
			children = (
				1F84BFDE16F534E9000D3DF8 /* main.cpp */,
				1F84BFE016F534E9000D3DF8 /* lattice_binding.1 */,
				1F84C20B16F53814000D3DF8 /* solver.h */,
				1F84C43416F56255000D3DF8 /* particle.h */,
				1FA7DD881709329600476EC7 /* solvers */,
				1FA7DD89170932A000476EC7 /* parameters.h */,
				1FA7DD8A170932A900476EC7 /* parameters.cpp */,
			);
			path = "lattice-binding";
			sourceTree = "<group>";
		};
		1FA7DD881709329600476EC7 /* solvers */ = {
			isa = PBXGroup;
			children = (
				1F84C20D16F53839000D3DF8 /* transfer_matrix_solver.h */,
				1F84C43616F563E3000D3DF8 /* transfer_matrix_solver.cpp */,
				1F84C43516F56275000D3DF8 /* dynapro_solver.h */,
				1F877C0116F57CC2008647B4 /* dynapro_solver.cpp */,
			);
			name = solvers;
			sourceTree = "<group>";
		};
/* End PBXGroup section */

/* Begin PBXNativeTarget section */
		1F84BFDA16F534E9000D3DF8 /* lattice-binding */ = {
			isa = PBXNativeTarget;
			buildConfigurationList = 1F84BFE416F534E9000D3DF8 /* Build configuration list for PBXNativeTarget "lattice-binding" */;
			buildPhases = (
				1F84BFD716F534E9000D3DF8 /* Sources */,
				1F84BFD816F534E9000D3DF8 /* Frameworks */,
				1F84BFD916F534E9000D3DF8 /* CopyFiles */,
			);
			buildRules = (
			);
			dependencies = (
			);
			name = "lattice-binding";
			productName = "lattice-binding";
			productReference = 1F84BFDB16F534E9000D3DF8 /* lattice-binding */;
			productType = "com.apple.product-type.tool";
		};
/* End PBXNativeTarget section */

/* Begin PBXProject section */
		1F84BFD316F534E9000D3DF8 /* Project object */ = {
			isa = PBXProject;
			attributes = {
				LastUpgradeCheck = 0460;
				ORGANIZATIONNAME = "Timothy Palpant";
			};
			buildConfigurationList = 1F84BFD616F534E9000D3DF8 /* Build configuration list for PBXProject "lattice-binding" */;
			compatibilityVersion = "Xcode 3.2";
			developmentRegion = English;
			hasScannedForEncodings = 0;
			knownRegions = (
				en,
			);
			mainGroup = 1F84BFD216F534E9000D3DF8;
			productRefGroup = 1F84BFDC16F534E9000D3DF8 /* Products */;
			projectDirPath = "";
			projectRoot = "";
			targets = (
				1F84BFDA16F534E9000D3DF8 /* lattice-binding */,
			);
		};
/* End PBXProject section */

/* Begin PBXSourcesBuildPhase section */
		1F84BFD716F534E9000D3DF8 /* Sources */ = {
			isa = PBXSourcesBuildPhase;
			buildActionMask = 2147483647;
			files = (
				1F84BFDF16F534E9000D3DF8 /* main.cpp in Sources */,
				1F84C43716F563E3000D3DF8 /* transfer_matrix_solver.cpp in Sources */,
				1F877C0216F57CC2008647B4 /* dynapro_solver.cpp in Sources */,
				1FA7DD8B170932A900476EC7 /* parameters.cpp in Sources */,
			);
			runOnlyForDeploymentPostprocessing = 0;
		};
/* End PBXSourcesBuildPhase section */

/* Begin XCBuildConfiguration section */
		1F84BFE216F534E9000D3DF8 /* Debug */ = {
			isa = XCBuildConfiguration;
			buildSettings = {
				ALWAYS_SEARCH_USER_PATHS = NO;
				ARCHS = "$(ARCHS_STANDARD_64_BIT)";
				CLANG_CXX_LANGUAGE_STANDARD = "gnu++0x";
				CLANG_CXX_LIBRARY = "libc++";
				CLANG_ENABLE_OBJC_ARC = YES;
				CLANG_WARN_CONSTANT_CONVERSION = YES;
				CLANG_WARN_EMPTY_BODY = YES;
				CLANG_WARN_ENUM_CONVERSION = YES;
				CLANG_WARN_INT_CONVERSION = YES;
				CLANG_WARN__DUPLICATE_METHOD_MATCH = YES;
				COPY_PHASE_STRIP = NO;
				GCC_C_LANGUAGE_STANDARD = gnu99;
				GCC_DYNAMIC_NO_PIC = NO;
				GCC_ENABLE_OBJC_EXCEPTIONS = YES;
				GCC_OPTIMIZATION_LEVEL = 0;
				GCC_PREPROCESSOR_DEFINITIONS = (
					"DEBUG=1",
					"$(inherited)",
				);
				GCC_SYMBOLS_PRIVATE_EXTERN = NO;
				GCC_WARN_64_TO_32_BIT_CONVERSION = YES;
				GCC_WARN_ABOUT_RETURN_TYPE = YES;
				GCC_WARN_UNINITIALIZED_AUTOS = YES;
				GCC_WARN_UNUSED_VARIABLE = YES;
				MACOSX_DEPLOYMENT_TARGET = 10.8;
				ONLY_ACTIVE_ARCH = YES;
				SDKROOT = macosx;
			};
			name = Debug;
		};
		1F84BFE316F534E9000D3DF8 /* Release */ = {
			isa = XCBuildConfiguration;
			buildSettings = {
				ALWAYS_SEARCH_USER_PATHS = NO;
				ARCHS = "$(ARCHS_STANDARD_64_BIT)";
				CLANG_CXX_LANGUAGE_STANDARD = "gnu++0x";
				CLANG_CXX_LIBRARY = "libc++";
				CLANG_ENABLE_OBJC_ARC = YES;
				CLANG_WARN_CONSTANT_CONVERSION = YES;
				CLANG_WARN_EMPTY_BODY = YES;
				CLANG_WARN_ENUM_CONVERSION = YES;
				CLANG_WARN_INT_CONVERSION = YES;
				CLANG_WARN__DUPLICATE_METHOD_MATCH = YES;
				COPY_PHASE_STRIP = YES;
				DEBUG_INFORMATION_FORMAT = "dwarf-with-dsym";
				GCC_C_LANGUAGE_STANDARD = gnu99;
				GCC_ENABLE_OBJC_EXCEPTIONS = YES;
				GCC_WARN_64_TO_32_BIT_CONVERSION = YES;
				GCC_WARN_ABOUT_RETURN_TYPE = YES;
				GCC_WARN_UNINITIALIZED_AUTOS = YES;
				GCC_WARN_UNUSED_VARIABLE = YES;
				MACOSX_DEPLOYMENT_TARGET = 10.8;
				SDKROOT = macosx;
			};
			name = Release;
		};
		1F84BFE516F534E9000D3DF8 /* Debug */ = {
			isa = XCBuildConfiguration;
			buildSettings = {
				CLANG_X86_VECTOR_INSTRUCTIONS = sse4.2;
				GCC_OPTIMIZATION_LEVEL = 0;
				GCC_UNROLL_LOOPS = NO;
				HEADER_SEARCH_PATHS = (
					/usr/local/include,
					/usr/local/include/eigen3,
				);
				LIBRARY_SEARCH_PATHS = /usr/local/lib;
				PRODUCT_NAME = "$(TARGET_NAME)";
			};
			name = Debug;
		};
		1F84BFE616F534E9000D3DF8 /* Release */ = {
			isa = XCBuildConfiguration;
			buildSettings = {
				CLANG_X86_VECTOR_INSTRUCTIONS = sse4.2;
				GCC_OPTIMIZATION_LEVEL = 3;
				GCC_UNROLL_LOOPS = YES;
				HEADER_SEARCH_PATHS = (
					/usr/local/include,
					/usr/local/include/eigen3,
				);
				LIBRARY_SEARCH_PATHS = /usr/local/lib;
				LLVM_LTO = YES;
				PRODUCT_NAME = "$(TARGET_NAME)";
			};
			name = Release;
		};
/* End XCBuildConfiguration section */

/* Begin XCConfigurationList section */
		1F84BFD616F534E9000D3DF8 /* Build configuration list for PBXProject "lattice-binding" */ = {
			isa = XCConfigurationList;
			buildConfigurations = (
				1F84BFE216F534E9000D3DF8 /* Debug */,
				1F84BFE316F534E9000D3DF8 /* Release */,
			);
			defaultConfigurationIsVisible = 0;
			defaultConfigurationName = Release;
		};
		1F84BFE416F534E9000D3DF8 /* Build configuration list for PBXNativeTarget "lattice-binding" */ = {
			isa = XCConfigurationList;
			buildConfigurations = (
				1F84BFE516F534E9000D3DF8 /* Debug */,
				1F84BFE616F534E9000D3DF8 /* Release */,
			);
			defaultConfigurationIsVisible = 0;
			defaultConfigurationName = Release;
		};
/* End XCConfigurationList section */
	};
	rootObject = 1F84BFD316F534E9000D3DF8 /* Project object */;
}
